
Microsoft Visual Studio Solution File, Format Version 12.00
# Visual Studio Version 16
VisualStudioVersion = 16.0.30413.136
MinimumVisualStudioVersion = 10.0.40219.1
Project("{FAE04EC0-301F-11D3-BF4B-00C04F79EFBC}") = "PM", "PM\PM.csproj", "{5B34A9D2-99C4-452B-9B41-7589DF7FB4EB}"
EndProject
Global
	GlobalSection(SolutionConfigurationPlatforms) = preSolution
		Debug|Any CPU = Debug|Any CPU
		Release|Any CPU = Release|Any CPU
	EndGlobalSection
	GlobalSection(ProjectConfigurationPlatforms) = postSolution
		{5B34A9D2-99C4-452B-9B41-7589DF7FB4EB}.Debug|Any CPU.ActiveCfg = Debug|Any CPU
		{5B34A9D2-99C4-452B-9B41-7589DF7FB4EB}.Debug|Any CPU.Build.0 = Debug|Any CPU
		{5B34A9D2-99C4-452B-9B41-7589DF7FB4EB}.Release|Any CPU.ActiveCfg = Release|Any CPU
		{5B34A9D2-99C4-452B-9B41-7589DF7FB4EB}.Release|Any CPU.Build.0 = Release|Any CPU
	EndGlobalSection
	GlobalSection(SolutionProperties) = preSolution
		HideSolutionNode = FALSE
	EndGlobalSection
	GlobalSection(ExtensibilityGlobals) = postSolution
		SolutionGuid = {74E8F443-131D-4219-9D3B-6381D53EC7ED}
	EndGlobalSection
EndGlobal
